// !$*UTF8*$!
{
	archiveVersion = 1;
	classes = {
	};
	objectVersion = 46;
	objects = {

/* Begin PBXBuildFile section */
		E68F4DE71A7FFD6700BB67EC /* main.c in Sources */ = {isa = PBXBuildFile; fileRef = E68F4DE61A7FFD6700BB67EC /* main.c */; };
		E68F4E021A80232E00BB67EC /* Funciones.c in Sources */ = {isa = PBXBuildFile; fileRef = E68F4E001A80232E00BB67EC /* Funciones.c */; };
/* End PBXBuildFile section */

/* Begin PBXCopyFilesBuildPhase section */
		E68F4DE11A7FFD6700BB67EC /* CopyFiles */ = {
			isa = PBXCopyFilesBuildPhase;
			buildActionMask = 2147483647;
			dstPath = /usr/share/man/man1/;
			dstSubfolderSpec = 0;
			files = (
			);
			runOnlyForDeploymentPostprocessing = 1;
		};
/* End PBXCopyFilesBuildPhase section */

/* Begin PBXFileReference section */
		E68F4DE31A7FFD6700BB67EC /* ParesImpares */ = {isa = PBXFileReference; explicitFileType = "compiled.mach-o.executable"; includeInIndex = 0; path = ParesImpares; sourceTree = BUILT_PRODUCTS_DIR; };
		E68F4DE61A7FFD6700BB67EC /* main.c */ = {isa = PBXFileReference; lastKnownFileType = sourcecode.c.c; path = main.c; sourceTree = "<group>"; };
		E68F4E001A80232E00BB67EC /* Funciones.c */ = {isa = PBXFileReference; fileEncoding = 4; lastKnownFileType = sourcecode.c.c; path = Funciones.c; sourceTree = "<group>"; };
		E68F4E011A80232E00BB67EC /* Funciones.h */ = {isa = PBXFileReference; fileEncoding = 4; lastKnownFileType = sourcecode.c.h; path = Funciones.h; sourceTree = "<group>"; };
/* End PBXFileReference section */

/* Begin PBXFrameworksBuildPhase section */
		E68F4DE01A7FFD6700BB67EC /* Frameworks */ = {
			isa = PBXFrameworksBuildPhase;
			buildActionMask = 2147483647;
			files = (
			);
			runOnlyForDeploymentPostprocessing = 0;
		};
/* End PBXFrameworksBuildPhase section */

/* Begin PBXGroup section */
		E68F4DDA1A7FFD6700BB67EC = {
			isa = PBXGroup;
			children = (
				E68F4DE51A7FFD6700BB67EC /* ParesImpares */,
				E68F4DE41A7FFD6700BB67EC /* Products */,
			);
			sourceTree = "<group>";
		};
		E68F4DE41A7FFD6700BB67EC /* Products */ = {
			isa = PBXGroup;
			children = (
				E68F4DE31A7FFD6700BB67EC /* ParesImpares */,
			);
			name = Products;
			sourceTree = "<group>";
		};
		E68F4DE51A7FFD6700BB67EC /* ParesImpares */ = {
			isa = PBXGroup;
			children = (
				E68F4DE61A7FFD6700BB67EC /* main.c */,
				E68F4E001A80232E00BB67EC /* Funciones.c */,
				E68F4E011A80232E00BB67EC /* Funciones.h */,
			);
			path = ParesImpares;
			sourceTree = "<group>";
		};
/* End PBXGroup section */

/* Begin PBXNativeTarget section */
		E68F4DE21A7FFD6700BB67EC /* ParesImpares */ = {
			isa = PBXNativeTarget;
			buildConfigurationList = E68F4DEA1A7FFD6700BB67EC /* Build configuration list for PBXNativeTarget "ParesImpares" */;
			buildPhases = (
				E68F4DDF1A7FFD6700BB67EC /* Sources */,
				E68F4DE01A7FFD6700BB67EC /* Frameworks */,
				E68F4DE11A7FFD6700BB67EC /* CopyFiles */,
			);
			buildRules = (
			);
			dependencies = (
			);
			name = ParesImpares;
			productName = ParesImpares;
			productReference = E68F4DE31A7FFD6700BB67EC /* ParesImpares */;
			productType = "com.apple.product-type.tool";
		};
/* End PBXNativeTarget section */

/* Begin PBXProject section */
		E68F4DDB1A7FFD6700BB67EC /* Project object */ = {
			isa = PBXProject;
			attributes = {
				LastUpgradeCheck = 0610;
				ORGANIZATIONNAME = "Filippo Aresu";
				TargetAttributes = {
					E68F4DE21A7FFD6700BB67EC = {
						CreatedOnToolsVersion = 6.1.1;
					};
				};
			};
			buildConfigurationList = E68F4DDE1A7FFD6700BB67EC /* Build configuration list for PBXProject "ParesImpares" */;
			compatibilityVersion = "Xcode 3.2";
			developmentRegion = English;
			hasScannedForEncodings = 0;
			knownRegions = (
				en,
			);
			mainGroup = E68F4DDA1A7FFD6700BB67EC;
			productRefGroup = E68F4DE41A7FFD6700BB67EC /* Products */;
			projectDirPath = "";
			projectRoot = "";
			targets = (
				E68F4DE21A7FFD6700BB67EC /* ParesImpares */,
			);
		};
/* End PBXProject section */

/* Begin PBXSourcesBuildPhase section */
		E68F4DDF1A7FFD6700BB67EC /* Sources */ = {
			isa = PBXSourcesBuildPhase;
			buildActionMask = 2147483647;
			files = (
				E68F4E021A80232E00BB67EC /* Funciones.c in Sources */,
				E68F4DE71A7FFD6700BB67EC /* main.c in Sources */,
			);
			runOnlyForDeploymentPostprocessing = 0;
		};
/* End PBXSourcesBuildPhase section */

/* Begin XCBuildConfiguration section */
		E68F4DE81A7FFD6700BB67EC /* Debug */ = {
			isa = XCBuildConfiguration;
			buildSettings = {
				ALWAYS_SEARCH_USER_PATHS = NO;
				CLANG_CXX_LANGUAGE_STANDARD = "gnu++0x";
				CLANG_CXX_LIBRARY = "libc++";
				CLANG_ENABLE_MODULES = YES;
				CLANG_ENABLE_OBJC_ARC = YES;
				CLANG_WARN_BOOL_CONVERSION = YES;
				CLANG_WARN_CONSTANT_CONVERSION = YES;
				CLANG_WARN_DIRECT_OBJC_ISA_USAGE = YES_ERROR;
				CLANG_WARN_EMPTY_BODY = YES;
				CLANG_WARN_ENUM_CONVERSION = YES;
				CLANG_WARN_INT_CONVERSION = YES;
				CLANG_WARN_OBJC_ROOT_CLASS = YES_ERROR;
				CLANG_WARN_UNREACHABLE_CODE = YES;
				CLANG_WARN__DUPLICATE_METHOD_MATCH = YES;
				COPY_PHASE_STRIP = NO;
				ENABLE_STRICT_OBJC_MSGSEND = YES;
				GCC_C_LANGUAGE_STANDARD = gnu99;
				GCC_DYNAMIC_NO_PIC = NO;
				GCC_OPTIMIZATION_LEVEL = 0;
				GCC_PREPROCESSOR_DEFINITIONS = (
					"DEBUG=1",
					"$(inherited)",
				);
				GCC_SYMBOLS_PRIVATE_EXTERN = NO;
				GCC_WARN_64_TO_32_BIT_CONVERSION = YES;
				GCC_WARN_ABOUT_RETURN_TYPE = YES_ERROR;
				GCC_WARN_UNDECLARED_SELECTOR = YES;
				GCC_WARN_UNINITIALIZED_AUTOS = YES_AGGRESSIVE;
				GCC_WARN_UNUSED_FUNCTION = YES;
				GCC_WARN_UNUSED_VARIABLE = YES;
				MACOSX_DEPLOYMENT_TARGET = 10.10;
				MTL_ENABLE_DEBUG_INFO = YES;
				ONLY_ACTIVE_ARCH = YES;
				SDKROOT = macosx;
			};
			name = Debug;
		};
		E68F4DE91A7FFD6700BB67EC /* Release */ = {
			isa = XCBuildConfiguration;
			buildSettings = {
				ALWAYS_SEARCH_USER_PATHS = NO;
				CLANG_CXX_LANGUAGE_STANDARD = "gnu++0x";
				CLANG_CXX_LIBRARY = "libc++";
				CLANG_ENABLE_MODULES = YES;
				CLANG_ENABLE_OBJC_ARC = YES;
				CLANG_WARN_BOOL_CONVERSION = YES;
				CLANG_WARN_CONSTANT_CONVERSION = YES;
				CLANG_WARN_DIRECT_OBJC_ISA_USAGE = YES_ERROR;
				CLANG_WARN_EMPTY_BODY = YES;
				CLANG_WARN_ENUM_CONVERSION = YES;
				CLANG_WARN_INT_CONVERSION = YES;
				CLANG_WARN_OBJC_ROOT_CLASS = YES_ERROR;
				CLANG_WARN_UNREACHABLE_CODE = YES;
				CLANG_WARN__DUPLICATE_METHOD_MATCH = YES;
				COPY_PHASE_STRIP = YES;
				DEBUG_INFORMATION_FORMAT = "dwarf-with-dsym";
				ENABLE_NS_ASSERTIONS = NO;
				ENABLE_STRICT_OBJC_MSGSEND = YES;
				GCC_C_LANGUAGE_STANDARD = gnu99;
				GCC_WARN_64_TO_32_BIT_CONVERSION = YES;
				GCC_WARN_ABOUT_RETURN_TYPE = YES_ERROR;
				GCC_WARN_UNDECLARED_SELECTOR = YES;
				GCC_WARN_UNINITIALIZED_AUTOS = YES_AGGRESSIVE;
				GCC_WARN_UNUSED_FUNCTION = YES;
				GCC_WARN_UNUSED_VARIABLE = YES;
				MACOSX_DEPLOYMENT_TARGET = 10.10;
				MTL_ENABLE_DEBUG_INFO = NO;
				SDKROOT = macosx;
			};
			name = Release;
		};
		E68F4DEB1A7FFD6700BB67EC /* Debug */ = {
			isa = XCBuildConfiguration;
			buildSettings = {
				PRODUCT_NAME = "$(TARGET_NAME)";
			};
			name = Debug;
		};
		E68F4DEC1A7FFD6700BB67EC /* Release */ = {
			isa = XCBuildConfiguration;
			buildSettings = {
				PRODUCT_NAME = "$(TARGET_NAME)";
			};
			name = Release;
		};
/* End XCBuildConfiguration section */

/* Begin XCConfigurationList section */
		E68F4DDE1A7FFD6700BB67EC /* Build configuration list for PBXProject "ParesImpares" */ = {
			isa = XCConfigurationList;
			buildConfigurations = (
				E68F4DE81A7FFD6700BB67EC /* Debug */,
				E68F4DE91A7FFD6700BB67EC /* Release */,
			);
			defaultConfigurationIsVisible = 0;
			defaultConfigurationName = Release;
		};
		E68F4DEA1A7FFD6700BB67EC /* Build configuration list for PBXNativeTarget "ParesImpares" */ = {
			isa = XCConfigurationList;
			buildConfigurations = (
				E68F4DEB1A7FFD6700BB67EC /* Debug */,
				E68F4DEC1A7FFD6700BB67EC /* Release */,
			);
			defaultConfigurationIsVisible = 0;
		};
/* End XCConfigurationList section */
	};
	rootObject = E68F4DDB1A7FFD6700BB67EC /* Project object */;
}
